
Microsoft Visual Studio Solution File, Format Version 12.00
# Visual Studio 15
VisualStudioVersion = 15.0.28307.705
MinimumVisualStudioVersion = 10.0.40219.1
Project("{FAE04EC0-301F-11D3-BF4B-00C04F79EFBC}") = "3Matrices", "3Matrices\3Matrices.csproj", "{B865DE71-B988-4AF5-96C0-2F4C3DA887D6}"
EndProject
Project("{FAE04EC0-301F-11D3-BF4B-00C04F79EFBC}") = "4CiclosRepetitivosEtc", "4CiclosRepetitivosEtc\4CiclosRepetitivosEtc.csproj", "{ABE5FE94-27FA-4E6E-8949-631D669D7D8E}"
EndProject
Project("{FAE04EC0-301F-11D3-BF4B-00C04F79EFBC}") = "2Avion", "2Avion\2Avion.csproj", "{8F15E8F1-55DB-49B2-8EBB-7A7090A0AE96}"
EndProject
Project("{FAE04EC0-301F-11D3-BF4B-00C04F79EFBC}") = "Teoria", "Teoria\Teoria.csproj", "{F4FA3A10-C078-42A7-8963-F0CD82DB52C5}"
EndProject
Global
	GlobalSection(SolutionConfigurationPlatforms) = preSolution
		Debug|Any CPU = Debug|Any CPU
		Release|Any CPU = Release|Any CPU
	EndGlobalSection
	GlobalSection(ProjectConfigurationPlatforms) = postSolution
		{B865DE71-B988-4AF5-96C0-2F4C3DA887D6}.Debug|Any CPU.ActiveCfg = Debug|Any CPU
		{B865DE71-B988-4AF5-96C0-2F4C3DA887D6}.Debug|Any CPU.Build.0 = Debug|Any CPU
		{B865DE71-B988-4AF5-96C0-2F4C3DA887D6}.Release|Any CPU.ActiveCfg = Release|Any CPU
		{B865DE71-B988-4AF5-96C0-2F4C3DA887D6}.Release|Any CPU.Build.0 = Release|Any CPU
		{ABE5FE94-27FA-4E6E-8949-631D669D7D8E}.Debug|Any CPU.ActiveCfg = Debug|Any CPU
		{ABE5FE94-27FA-4E6E-8949-631D669D7D8E}.Debug|Any CPU.Build.0 = Debug|Any CPU
		{ABE5FE94-27FA-4E6E-8949-631D669D7D8E}.Release|Any CPU.ActiveCfg = Release|Any CPU
		{ABE5FE94-27FA-4E6E-8949-631D669D7D8E}.Release|Any CPU.Build.0 = Release|Any CPU
		{8F15E8F1-55DB-49B2-8EBB-7A7090A0AE96}.Debug|Any CPU.ActiveCfg = Debug|Any CPU
		{8F15E8F1-55DB-49B2-8EBB-7A7090A0AE96}.Debug|Any CPU.Build.0 = Debug|Any CPU
		{8F15E8F1-55DB-49B2-8EBB-7A7090A0AE96}.Release|Any CPU.ActiveCfg = Release|Any CPU
		{8F15E8F1-55DB-49B2-8EBB-7A7090A0AE96}.Release|Any CPU.Build.0 = Release|Any CPU
		{F4FA3A10-C078-42A7-8963-F0CD82DB52C5}.Debug|Any CPU.ActiveCfg = Debug|Any CPU
		{F4FA3A10-C078-42A7-8963-F0CD82DB52C5}.Debug|Any CPU.Build.0 = Debug|Any CPU
		{F4FA3A10-C078-42A7-8963-F0CD82DB52C5}.Release|Any CPU.ActiveCfg = Release|Any CPU
		{F4FA3A10-C078-42A7-8963-F0CD82DB52C5}.Release|Any CPU.Build.0 = Release|Any CPU
	EndGlobalSection
	GlobalSection(SolutionProperties) = preSolution
		HideSolutionNode = FALSE
	EndGlobalSection
	GlobalSection(ExtensibilityGlobals) = postSolution
		SolutionGuid = {68E7A613-95C7-4CC1-84CD-EA20BC8A6510}
	EndGlobalSection
EndGlobal
